{
  "name": "2022-3e-benes-breburda-suchy-ding",
  "lockfileVersion": 2,
  "requires": true,
  "packages": {
    "": {
      "dependencies": {
        "vue-picture-input": "^2.4.0"
      }
    },
    "node_modules/vue-picture-input": {
      "version": "2.4.0",
      "resolved": "https://registry.npmjs.org/vue-picture-input/-/vue-picture-input-2.4.0.tgz",
      "integrity": "sha512-utG9bGVJ8sXtZEPlly9Y7cqP0TIL83qXQpnguqI41xTyLQDVXIElK7tc15vjC+06kEP1dC21NXeIPU6N+V9gNw=="
    }
  },
  "dependencies": {
    "vue-picture-input": {
      "version": "2.4.0",
      "resolved": "https://registry.npmjs.org/vue-picture-input/-/vue-picture-input-2.4.0.tgz",
      "integrity": "sha512-utG9bGVJ8sXtZEPlly9Y7cqP0TIL83qXQpnguqI41xTyLQDVXIElK7tc15vjC+06kEP1dC21NXeIPU6N+V9gNw=="
    }
  }
}
